{
  "0": {
    "name": "BMap",
    "lockfileVersion": 3,
    "requires": true,
    "packages": {}
  },
  "1": {
    "devDependencies": {
      "http-server": "14.1.1"
    },
    "scripts": {
      "start": "npx http-server ."
    }
  },
  "name": "BMap",
  "lockfileVersion": 3,
  "requires": true,
  "packages": {}
}
